
Microsoft Visual Studio Solution File, Format Version 12.00
# Visual Studio Version 17
VisualStudioVersion = 17.0.31903.59
MinimumVisualStudioVersion = 10.0.40219.1
Project("{2150E333-8FDC-42A3-9474-1A3956D46DE8}") = "src", "src", "{827E0CD3-B72D-47B6-A68D-7590B98EB39B}"
EndProject
Project("{FAE04EC0-301F-11D3-BF4B-00C04F79EFBC}") = "TABP.Domain", "src\TABP.Domain\TABP.Domain.csproj", "{47DBD1CB-3C98-4E22-A9C7-8877B66676C3}"
EndProject
Project("{FAE04EC0-301F-11D3-BF4B-00C04F79EFBC}") = "TABP.Application", "src\TABP.Application\TABP.Application.csproj", "{A91FB977-7BDE-4E8D-8F67-6B6A5B51581C}"
EndProject
Project("{FAE04EC0-301F-11D3-BF4B-00C04F79EFBC}") = "TABP.Infrastructure", "src\TABP.Infrastructure\TABP.Infrastructure.csproj", "{88A1140F-B9C4-442A-A1FE-10301EEEDDBF}"
EndProject
Project("{FAE04EC0-301F-11D3-BF4B-00C04F79EFBC}") = "TABP.WebAPI", "src\TABP.WebAPI\TABP.WebAPI.csproj", "{D5F03099-0E10-469B-A65D-B4C9560D65E4}"
EndProject
Project("{2150E333-8FDC-42A3-9474-1A3956D46DE8}") = "tests", "tests", "{0AB3BF05-4346-4AA6-1389-037BE0695223}"
EndProject
Project("{FAE04EC0-301F-11D3-BF4B-00C04F79EFBC}") = "TABP.Tests.Application", "tests\TABP.Tests.Application\TABP.Tests.Application.csproj", "{3BC86EED-CAE1-4874-84C7-A7C5E5BC9E78}"
EndProject
Project("{FAE04EC0-301F-11D3-BF4B-00C04F79EFBC}") = "TABP.Tests.Infrastructure", "tests\TABP.Tests.Infrastructure\TABP.Tests.Infrastructure.csproj", "{7CF39320-A03A-4600-96B8-E2C6A91D56D8}"
EndProject
Project("{FAE04EC0-301F-11D3-BF4B-00C04F79EFBC}") = "TABP.Tests.WebAPI", "tests\TABP.Tests.WebAPI\TABP.Tests.WebAPI.csproj", "{47438D46-D903-444A-84CD-8269303EB058}"
EndProject
Global
	GlobalSection(SolutionConfigurationPlatforms) = preSolution
		Debug|Any CPU = Debug|Any CPU
		Debug|x64 = Debug|x64
		Debug|x86 = Debug|x86
		Release|Any CPU = Release|Any CPU
		Release|x64 = Release|x64
		Release|x86 = Release|x86
	EndGlobalSection
	GlobalSection(ProjectConfigurationPlatforms) = postSolution
		{47DBD1CB-3C98-4E22-A9C7-8877B66676C3}.Debug|Any CPU.ActiveCfg = Debug|Any CPU
		{47DBD1CB-3C98-4E22-A9C7-8877B66676C3}.Debug|Any CPU.Build.0 = Debug|Any CPU
		{47DBD1CB-3C98-4E22-A9C7-8877B66676C3}.Debug|x64.ActiveCfg = Debug|Any CPU
		{47DBD1CB-3C98-4E22-A9C7-8877B66676C3}.Debug|x64.Build.0 = Debug|Any CPU
		{47DBD1CB-3C98-4E22-A9C7-8877B66676C3}.Debug|x86.ActiveCfg = Debug|Any CPU
		{47DBD1CB-3C98-4E22-A9C7-8877B66676C3}.Debug|x86.Build.0 = Debug|Any CPU
		{47DBD1CB-3C98-4E22-A9C7-8877B66676C3}.Release|Any CPU.ActiveCfg = Release|Any CPU
		{47DBD1CB-3C98-4E22-A9C7-8877B66676C3}.Release|Any CPU.Build.0 = Release|Any CPU
		{47DBD1CB-3C98-4E22-A9C7-8877B66676C3}.Release|x64.ActiveCfg = Release|Any CPU
		{47DBD1CB-3C98-4E22-A9C7-8877B66676C3}.Release|x64.Build.0 = Release|Any CPU
		{47DBD1CB-3C98-4E22-A9C7-8877B66676C3}.Release|x86.ActiveCfg = Release|Any CPU
		{47DBD1CB-3C98-4E22-A9C7-8877B66676C3}.Release|x86.Build.0 = Release|Any CPU
		{A91FB977-7BDE-4E8D-8F67-6B6A5B51581C}.Debug|Any CPU.ActiveCfg = Debug|Any CPU
		{A91FB977-7BDE-4E8D-8F67-6B6A5B51581C}.Debug|Any CPU.Build.0 = Debug|Any CPU
		{A91FB977-7BDE-4E8D-8F67-6B6A5B51581C}.Debug|x64.ActiveCfg = Debug|Any CPU
		{A91FB977-7BDE-4E8D-8F67-6B6A5B51581C}.Debug|x64.Build.0 = Debug|Any CPU
		{A91FB977-7BDE-4E8D-8F67-6B6A5B51581C}.Debug|x86.ActiveCfg = Debug|Any CPU
		{A91FB977-7BDE-4E8D-8F67-6B6A5B51581C}.Debug|x86.Build.0 = Debug|Any CPU
		{A91FB977-7BDE-4E8D-8F67-6B6A5B51581C}.Release|Any CPU.ActiveCfg = Release|Any CPU
		{A91FB977-7BDE-4E8D-8F67-6B6A5B51581C}.Release|Any CPU.Build.0 = Release|Any CPU
		{A91FB977-7BDE-4E8D-8F67-6B6A5B51581C}.Release|x64.ActiveCfg = Release|Any CPU
		{A91FB977-7BDE-4E8D-8F67-6B6A5B51581C}.Release|x64.Build.0 = Release|Any CPU
		{A91FB977-7BDE-4E8D-8F67-6B6A5B51581C}.Release|x86.ActiveCfg = Release|Any CPU
		{A91FB977-7BDE-4E8D-8F67-6B6A5B51581C}.Release|x86.Build.0 = Release|Any CPU
		{88A1140F-B9C4-442A-A1FE-10301EEEDDBF}.Debug|Any CPU.ActiveCfg = Debug|Any CPU
		{88A1140F-B9C4-442A-A1FE-10301EEEDDBF}.Debug|Any CPU.Build.0 = Debug|Any CPU
		{88A1140F-B9C4-442A-A1FE-10301EEEDDBF}.Debug|x64.ActiveCfg = Debug|Any CPU
		{88A1140F-B9C4-442A-A1FE-10301EEEDDBF}.Debug|x64.Build.0 = Debug|Any CPU
		{88A1140F-B9C4-442A-A1FE-10301EEEDDBF}.Debug|x86.ActiveCfg = Debug|Any CPU
		{88A1140F-B9C4-442A-A1FE-10301EEEDDBF}.Debug|x86.Build.0 = Debug|Any CPU
		{88A1140F-B9C4-442A-A1FE-10301EEEDDBF}.Release|Any CPU.ActiveCfg = Release|Any CPU
		{88A1140F-B9C4-442A-A1FE-10301EEEDDBF}.Release|Any CPU.Build.0 = Release|Any CPU
		{88A1140F-B9C4-442A-A1FE-10301EEEDDBF}.Release|x64.ActiveCfg = Release|Any CPU
		{88A1140F-B9C4-442A-A1FE-10301EEEDDBF}.Release|x64.Build.0 = Release|Any CPU
		{88A1140F-B9C4-442A-A1FE-10301EEEDDBF}.Release|x86.ActiveCfg = Release|Any CPU
		{88A1140F-B9C4-442A-A1FE-10301EEEDDBF}.Release|x86.Build.0 = Release|Any CPU
		{D5F03099-0E10-469B-A65D-B4C9560D65E4}.Debug|Any CPU.ActiveCfg = Debug|Any CPU
		{D5F03099-0E10-469B-A65D-B4C9560D65E4}.Debug|Any CPU.Build.0 = Debug|Any CPU
		{D5F03099-0E10-469B-A65D-B4C9560D65E4}.Debug|x64.ActiveCfg = Debug|Any CPU
		{D5F03099-0E10-469B-A65D-B4C9560D65E4}.Debug|x64.Build.0 = Debug|Any CPU
		{D5F03099-0E10-469B-A65D-B4C9560D65E4}.Debug|x86.ActiveCfg = Debug|Any CPU
		{D5F03099-0E10-469B-A65D-B4C9560D65E4}.Debug|x86.Build.0 = Debug|Any CPU
		{D5F03099-0E10-469B-A65D-B4C9560D65E4}.Release|Any CPU.ActiveCfg = Release|Any CPU
		{D5F03099-0E10-469B-A65D-B4C9560D65E4}.Release|Any CPU.Build.0 = Release|Any CPU
		{D5F03099-0E10-469B-A65D-B4C9560D65E4}.Release|x64.ActiveCfg = Release|Any CPU
		{D5F03099-0E10-469B-A65D-B4C9560D65E4}.Release|x64.Build.0 = Release|Any CPU
		{D5F03099-0E10-469B-A65D-B4C9560D65E4}.Release|x86.ActiveCfg = Release|Any CPU
		{D5F03099-0E10-469B-A65D-B4C9560D65E4}.Release|x86.Build.0 = Release|Any CPU
		{3BC86EED-CAE1-4874-84C7-A7C5E5BC9E78}.Debug|Any CPU.ActiveCfg = Debug|Any CPU
		{3BC86EED-CAE1-4874-84C7-A7C5E5BC9E78}.Debug|Any CPU.Build.0 = Debug|Any CPU
		{3BC86EED-CAE1-4874-84C7-A7C5E5BC9E78}.Debug|x64.ActiveCfg = Debug|Any CPU
		{3BC86EED-CAE1-4874-84C7-A7C5E5BC9E78}.Debug|x64.Build.0 = Debug|Any CPU
		{3BC86EED-CAE1-4874-84C7-A7C5E5BC9E78}.Debug|x86.ActiveCfg = Debug|Any CPU
		{3BC86EED-CAE1-4874-84C7-A7C5E5BC9E78}.Debug|x86.Build.0 = Debug|Any CPU
		{3BC86EED-CAE1-4874-84C7-A7C5E5BC9E78}.Release|Any CPU.ActiveCfg = Release|Any CPU
		{3BC86EED-CAE1-4874-84C7-A7C5E5BC9E78}.Release|Any CPU.Build.0 = Release|Any CPU
		{3BC86EED-CAE1-4874-84C7-A7C5E5BC9E78}.Release|x64.ActiveCfg = Release|Any CPU
		{3BC86EED-CAE1-4874-84C7-A7C5E5BC9E78}.Release|x64.Build.0 = Release|Any CPU
		{3BC86EED-CAE1-4874-84C7-A7C5E5BC9E78}.Release|x86.ActiveCfg = Release|Any CPU
		{3BC86EED-CAE1-4874-84C7-A7C5E5BC9E78}.Release|x86.Build.0 = Release|Any CPU
		{7CF39320-A03A-4600-96B8-E2C6A91D56D8}.Debug|Any CPU.ActiveCfg = Debug|Any CPU
		{7CF39320-A03A-4600-96B8-E2C6A91D56D8}.Debug|Any CPU.Build.0 = Debug|Any CPU
		{7CF39320-A03A-4600-96B8-E2C6A91D56D8}.Debug|x64.ActiveCfg = Debug|Any CPU
		{7CF39320-A03A-4600-96B8-E2C6A91D56D8}.Debug|x64.Build.0 = Debug|Any CPU
		{7CF39320-A03A-4600-96B8-E2C6A91D56D8}.Debug|x86.ActiveCfg = Debug|Any CPU
		{7CF39320-A03A-4600-96B8-E2C6A91D56D8}.Debug|x86.Build.0 = Debug|Any CPU
		{7CF39320-A03A-4600-96B8-E2C6A91D56D8}.Release|Any CPU.ActiveCfg = Release|Any CPU
		{7CF39320-A03A-4600-96B8-E2C6A91D56D8}.Release|Any CPU.Build.0 = Release|Any CPU
		{7CF39320-A03A-4600-96B8-E2C6A91D56D8}.Release|x64.ActiveCfg = Release|Any CPU
		{7CF39320-A03A-4600-96B8-E2C6A91D56D8}.Release|x64.Build.0 = Release|Any CPU
		{7CF39320-A03A-4600-96B8-E2C6A91D56D8}.Release|x86.ActiveCfg = Release|Any CPU
		{7CF39320-A03A-4600-96B8-E2C6A91D56D8}.Release|x86.Build.0 = Release|Any CPU
		{47438D46-D903-444A-84CD-8269303EB058}.Debug|Any CPU.ActiveCfg = Debug|Any CPU
		{47438D46-D903-444A-84CD-8269303EB058}.Debug|Any CPU.Build.0 = Debug|Any CPU
		{47438D46-D903-444A-84CD-8269303EB058}.Debug|x64.ActiveCfg = Debug|Any CPU
		{47438D46-D903-444A-84CD-8269303EB058}.Debug|x64.Build.0 = Debug|Any CPU
		{47438D46-D903-444A-84CD-8269303EB058}.Debug|x86.ActiveCfg = Debug|Any CPU
		{47438D46-D903-444A-84CD-8269303EB058}.Debug|x86.Build.0 = Debug|Any CPU
		{47438D46-D903-444A-84CD-8269303EB058}.Release|Any CPU.ActiveCfg = Release|Any CPU
		{47438D46-D903-444A-84CD-8269303EB058}.Release|Any CPU.Build.0 = Release|Any CPU
		{47438D46-D903-444A-84CD-8269303EB058}.Release|x64.ActiveCfg = Release|Any CPU
		{47438D46-D903-444A-84CD-8269303EB058}.Release|x64.Build.0 = Release|Any CPU
		{47438D46-D903-444A-84CD-8269303EB058}.Release|x86.ActiveCfg = Release|Any CPU
		{47438D46-D903-444A-84CD-8269303EB058}.Release|x86.Build.0 = Release|Any CPU
	EndGlobalSection
	GlobalSection(SolutionProperties) = preSolution
		HideSolutionNode = FALSE
	EndGlobalSection
	GlobalSection(NestedProjects) = preSolution
		{47DBD1CB-3C98-4E22-A9C7-8877B66676C3} = {827E0CD3-B72D-47B6-A68D-7590B98EB39B}
		{A91FB977-7BDE-4E8D-8F67-6B6A5B51581C} = {827E0CD3-B72D-47B6-A68D-7590B98EB39B}
		{88A1140F-B9C4-442A-A1FE-10301EEEDDBF} = {827E0CD3-B72D-47B6-A68D-7590B98EB39B}
		{D5F03099-0E10-469B-A65D-B4C9560D65E4} = {827E0CD3-B72D-47B6-A68D-7590B98EB39B}
		{3BC86EED-CAE1-4874-84C7-A7C5E5BC9E78} = {0AB3BF05-4346-4AA6-1389-037BE0695223}
		{7CF39320-A03A-4600-96B8-E2C6A91D56D8} = {0AB3BF05-4346-4AA6-1389-037BE0695223}
		{47438D46-D903-444A-84CD-8269303EB058} = {0AB3BF05-4346-4AA6-1389-037BE0695223}
	EndGlobalSection
EndGlobal
